# This file is automatically @generated by Cargo.
# It is not intended for manual editing.
version = 3

[[package]]
name = "base64"
version = "0.22.1"
source = "registry+https://github.com/rust-lang/crates.io-index"
checksum = "72b3254f16251a8381aa12e40e3c4d2f0199f8c6508fbecb9d91f575e0fbb8c6"

[[package]]
name = "cfg-if"
version = "1.0.0"
source = "registry+https://github.com/rust-lang/crates.io-index"
checksum = "baf1de4339761588bc0619e3cbc0120ee582ebb74b53b4efbf79117bd2da40fd"

[[package]]
name = "charset"
version = "0.1.5"
source = "registry+https://github.com/rust-lang/crates.io-index"
checksum = "f1f927b07c74ba84c7e5fe4db2baeb3e996ab2688992e39ac68ce3220a677c7e"
dependencies = [
 "base64",
 "encoding_rs",
]

[[package]]
name = "data-encoding"
version = "2.9.0"
source = "registry+https://github.com/rust-lang/crates.io-index"
checksum = "2a2330da5de22e8a3cb63252ce2abb30116bf5265e89c0e01bc17015ce30a476"

[[package]]
name = "eml"
version = "0.1.0"
dependencies = [
 "mailparse",
]

[[package]]
name = "encoding_rs"
version = "0.8.35"
source = "registry+https://github.com/rust-lang/crates.io-index"
checksum = "75030f3c4f45dafd7586dd6780965a8c7e8e285a5ecb86713e63a79c5b2766f3"
dependencies = [
 "cfg-if",
]

[[package]]
name = "mailparse"
version = "0.14.1"
source = "registry+https://github.com/rust-lang/crates.io-index"
checksum = "2d096594926cab442e054e047eb8c1402f7d5b2272573b97ba68aa40629f9757"
dependencies = [
 "charset",
 "data-encoding",
 "quoted_printable",
]

[[package]]
name = "quoted_printable"
version = "0.5.1"
source = "registry+https://github.com/rust-lang/crates.io-index"
checksum = "640c9bd8497b02465aeef5375144c26062e0dcd5939dfcbb0f5db76cb8c17c73"
